// !$*UTF8*$!
{
	archiveVersion = 1;
	classes = {
	};
	objectVersion = 55;
	objects = {

/* Begin PBXBuildFile section */
		3235E1B4274C30E8000BF059 /* Item-CoreDataHelpers.swift in Sources */ = {isa = PBXBuildFile; fileRef = 3235E1B3274C30E8000BF059 /* Item-CoreDataHelpers.swift */; };
		3235E1B6274C310F000BF059 /* Project-CoreDataHelpers.swift in Sources */ = {isa = PBXBuildFile; fileRef = 3235E1B5274C310E000BF059 /* Project-CoreDataHelpers.swift */; };
		32CFF48027438B3E00F16A36 /* UltimatePortfolioApp.swift in Sources */ = {isa = PBXBuildFile; fileRef = 32CFF47F27438B3E00F16A36 /* UltimatePortfolioApp.swift */; };
		32CFF48227438B3E00F16A36 /* ContentView.swift in Sources */ = {isa = PBXBuildFile; fileRef = 32CFF48127438B3E00F16A36 /* ContentView.swift */; };
		32CFF48427438B4100F16A36 /* Assets.xcassets in Resources */ = {isa = PBXBuildFile; fileRef = 32CFF48327438B4100F16A36 /* Assets.xcassets */; };
		32CFF48727438B4100F16A36 /* Preview Assets.xcassets in Resources */ = {isa = PBXBuildFile; fileRef = 32CFF48627438B4100F16A36 /* Preview Assets.xcassets */; };
		32CFF4AB27438BDA00F16A36 /* Model.xcdatamodeld in Sources */ = {isa = PBXBuildFile; fileRef = 32CFF4A927438BDA00F16A36 /* Model.xcdatamodeld */; };
		32CFF4AF27438DA300F16A36 /* DataController.swift in Sources */ = {isa = PBXBuildFile; fileRef = 32CFF4AE27438DA300F16A36 /* DataController.swift */; };
		32CFF4B42743967600F16A36 /* CloudKit.framework in Frameworks */ = {isa = PBXBuildFile; fileRef = 32CFF4B32743967600F16A36 /* CloudKit.framework */; };
		32CFF4B62743984A00F16A36 /* HomeView.swift in Sources */ = {isa = PBXBuildFile; fileRef = 32CFF4B52743984A00F16A36 /* HomeView.swift */; };
		32CFF4B8274398CC00F16A36 /* ProjectsView.swift in Sources */ = {isa = PBXBuildFile; fileRef = 32CFF4B7274398CC00F16A36 /* ProjectsView.swift */; };
/* End PBXBuildFile section */

/* Begin PBXFileReference section */
		3235E1B3274C30E8000BF059 /* Item-CoreDataHelpers.swift */ = {isa = PBXFileReference; lastKnownFileType = sourcecode.swift; path = "Item-CoreDataHelpers.swift"; sourceTree = "<group>"; };
		3235E1B5274C310E000BF059 /* Project-CoreDataHelpers.swift */ = {isa = PBXFileReference; lastKnownFileType = sourcecode.swift; path = "Project-CoreDataHelpers.swift"; sourceTree = "<group>"; };
		32CFF47C27438B3E00F16A36 /* Ultimate Portfolio.app */ = {isa = PBXFileReference; explicitFileType = wrapper.application; includeInIndex = 0; path = "Ultimate Portfolio.app"; sourceTree = BUILT_PRODUCTS_DIR; };
		32CFF47F27438B3E00F16A36 /* UltimatePortfolioApp.swift */ = {isa = PBXFileReference; lastKnownFileType = sourcecode.swift; path = UltimatePortfolioApp.swift; sourceTree = "<group>"; };
		32CFF48127438B3E00F16A36 /* ContentView.swift */ = {isa = PBXFileReference; lastKnownFileType = sourcecode.swift; path = ContentView.swift; sourceTree = "<group>"; };
		32CFF48327438B4100F16A36 /* Assets.xcassets */ = {isa = PBXFileReference; lastKnownFileType = folder.assetcatalog; path = Assets.xcassets; sourceTree = "<group>"; };
		32CFF48627438B4100F16A36 /* Preview Assets.xcassets */ = {isa = PBXFileReference; lastKnownFileType = folder.assetcatalog; path = "Preview Assets.xcassets"; sourceTree = "<group>"; };
		32CFF4AA27438BDA00F16A36 /* Model.xcdatamodel */ = {isa = PBXFileReference; lastKnownFileType = wrapper.xcdatamodel; path = Model.xcdatamodel; sourceTree = "<group>"; };
		32CFF4AE27438DA300F16A36 /* DataController.swift */ = {isa = PBXFileReference; lastKnownFileType = sourcecode.swift; path = DataController.swift; sourceTree = "<group>"; };
		32CFF4B02743965F00F16A36 /* Ultimate Portfolio.entitlements */ = {isa = PBXFileReference; lastKnownFileType = text.plist.entitlements; path = "Ultimate Portfolio.entitlements"; sourceTree = "<group>"; };
		32CFF4B12743966800F16A36 /* Ultimate-Portfolio-Info.plist */ = {isa = PBXFileReference; lastKnownFileType = text.plist; path = "Ultimate-Portfolio-Info.plist"; sourceTree = SOURCE_ROOT; };
		32CFF4B32743967600F16A36 /* CloudKit.framework */ = {isa = PBXFileReference; lastKnownFileType = wrapper.framework; name = CloudKit.framework; path = System/Library/Frameworks/CloudKit.framework; sourceTree = SDKROOT; };
		32CFF4B52743984A00F16A36 /* HomeView.swift */ = {isa = PBXFileReference; lastKnownFileType = sourcecode.swift; path = HomeView.swift; sourceTree = "<group>"; };
		32CFF4B7274398CC00F16A36 /* ProjectsView.swift */ = {isa = PBXFileReference; lastKnownFileType = sourcecode.swift; path = ProjectsView.swift; sourceTree = "<group>"; };
/* End PBXFileReference section */

/* Begin PBXFrameworksBuildPhase section */
		32CFF47927438B3E00F16A36 /* Frameworks */ = {
			isa = PBXFrameworksBuildPhase;
			buildActionMask = 2147483647;
			files = (
				32CFF4B42743967600F16A36 /* CloudKit.framework in Frameworks */,
			);
			runOnlyForDeploymentPostprocessing = 0;
		};
/* End PBXFrameworksBuildPhase section */

/* Begin PBXGroup section */
		32CFF47327438B3E00F16A36 = {
			isa = PBXGroup;
			children = (
				32CFF47E27438B3E00F16A36 /* Ultimate Portfolio */,
				32CFF47D27438B3E00F16A36 /* Products */,
				32CFF4B22743967600F16A36 /* Frameworks */,
			);
			sourceTree = "<group>";
		};
		32CFF47D27438B3E00F16A36 /* Products */ = {
			isa = PBXGroup;
			children = (
				32CFF47C27438B3E00F16A36 /* Ultimate Portfolio.app */,
			);
			name = Products;
			sourceTree = "<group>";
		};
		32CFF47E27438B3E00F16A36 /* Ultimate Portfolio */ = {
			isa = PBXGroup;
			children = (
				32CFF4B7274398CC00F16A36 /* ProjectsView.swift */,
				32CFF4B52743984A00F16A36 /* HomeView.swift */,
				32CFF4B12743966800F16A36 /* Ultimate-Portfolio-Info.plist */,
				32CFF4B02743965F00F16A36 /* Ultimate Portfolio.entitlements */,
				32CFF4A927438BDA00F16A36 /* Model.xcdatamodeld */,
				32CFF47F27438B3E00F16A36 /* UltimatePortfolioApp.swift */,
				32CFF48127438B3E00F16A36 /* ContentView.swift */,
				32CFF48327438B4100F16A36 /* Assets.xcassets */,
				32CFF48527438B4100F16A36 /* Preview Content */,
				32CFF4AE27438DA300F16A36 /* DataController.swift */,
				3235E1B3274C30E8000BF059 /* Item-CoreDataHelpers.swift */,
				3235E1B5274C310E000BF059 /* Project-CoreDataHelpers.swift */,
			);
			path = "Ultimate Portfolio";
			sourceTree = "<group>";
		};
		32CFF48527438B4100F16A36 /* Preview Content */ = {
			isa = PBXGroup;
			children = (
				32CFF48627438B4100F16A36 /* Preview Assets.xcassets */,
			);
			path = "Preview Content";
			sourceTree = "<group>";
		};
		32CFF4B22743967600F16A36 /* Frameworks */ = {
			isa = PBXGroup;
			children = (
				32CFF4B32743967600F16A36 /* CloudKit.framework */,
			);
			name = Frameworks;
			sourceTree = "<group>";
		};
/* End PBXGroup section */

/* Begin PBXNativeTarget section */
		32CFF47B27438B3E00F16A36 /* Ultimate Portfolio */ = {
			isa = PBXNativeTarget;
			buildConfigurationList = 32CFF4A027438B4100F16A36 /* Build configuration list for PBXNativeTarget "Ultimate Portfolio" */;
			buildPhases = (
				32CFF47827438B3E00F16A36 /* Sources */,
				32CFF47927438B3E00F16A36 /* Frameworks */,
				32CFF47A27438B3E00F16A36 /* Resources */,
			);
			buildRules = (
			);
			dependencies = (
			);
			name = "Ultimate Portfolio";
			productName = "Ultimate Portfolio";
			productReference = 32CFF47C27438B3E00F16A36 /* Ultimate Portfolio.app */;
			productType = "com.apple.product-type.application";
		};
/* End PBXNativeTarget section */

/* Begin PBXProject section */
		32CFF47427438B3E00F16A36 /* Project object */ = {
			isa = PBXProject;
			attributes = {
				BuildIndependentTargetsInParallel = 1;
				LastSwiftUpdateCheck = 1320;
				LastUpgradeCheck = 1320;
				TargetAttributes = {
					32CFF47B27438B3E00F16A36 = {
						CreatedOnToolsVersion = 13.2;
					};
				};
			};
			buildConfigurationList = 32CFF47727438B3E00F16A36 /* Build configuration list for PBXProject "Ultimate Portfolio" */;
			compatibilityVersion = "Xcode 13.0";
			developmentRegion = en;
			hasScannedForEncodings = 0;
			knownRegions = (
				en,
				Base,
			);
			mainGroup = 32CFF47327438B3E00F16A36;
			productRefGroup = 32CFF47D27438B3E00F16A36 /* Products */;
			projectDirPath = "";
			projectRoot = "";
			targets = (
				32CFF47B27438B3E00F16A36 /* Ultimate Portfolio */,
			);
		};
/* End PBXProject section */

/* Begin PBXResourcesBuildPhase section */
		32CFF47A27438B3E00F16A36 /* Resources */ = {
			isa = PBXResourcesBuildPhase;
			buildActionMask = 2147483647;
			files = (
				32CFF48727438B4100F16A36 /* Preview Assets.xcassets in Resources */,
				32CFF48427438B4100F16A36 /* Assets.xcassets in Resources */,
			);
			runOnlyForDeploymentPostprocessing = 0;
		};
/* End PBXResourcesBuildPhase section */

/* Begin PBXSourcesBuildPhase section */
		32CFF47827438B3E00F16A36 /* Sources */ = {
			isa = PBXSourcesBuildPhase;
			buildActionMask = 2147483647;
			files = (
				32CFF4B8274398CC00F16A36 /* ProjectsView.swift in Sources */,
				32CFF48227438B3E00F16A36 /* ContentView.swift in Sources */,
				3235E1B6274C310F000BF059 /* Project-CoreDataHelpers.swift in Sources */,
				3235E1B4274C30E8000BF059 /* Item-CoreDataHelpers.swift in Sources */,
				32CFF4AF27438DA300F16A36 /* DataController.swift in Sources */,
				32CFF48027438B3E00F16A36 /* UltimatePortfolioApp.swift in Sources */,
				32CFF4B62743984A00F16A36 /* HomeView.swift in Sources */,
				32CFF4AB27438BDA00F16A36 /* Model.xcdatamodeld in Sources */,
			);
			runOnlyForDeploymentPostprocessing = 0;
		};
/* End PBXSourcesBuildPhase section */

/* Begin XCBuildConfiguration section */
		32CFF49E27438B4100F16A36 /* Debug */ = {
			isa = XCBuildConfiguration;
			buildSettings = {
				ALWAYS_SEARCH_USER_PATHS = NO;
				CLANG_ANALYZER_NONNULL = YES;
				CLANG_ANALYZER_NUMBER_OBJECT_CONVERSION = YES_AGGRESSIVE;
				CLANG_CXX_LANGUAGE_STANDARD = "gnu++17";
				CLANG_CXX_LIBRARY = "libc++";
				CLANG_ENABLE_MODULES = YES;
				CLANG_ENABLE_OBJC_ARC = YES;
				CLANG_ENABLE_OBJC_WEAK = YES;
				CLANG_WARN_BLOCK_CAPTURE_AUTORELEASING = YES;
				CLANG_WARN_BOOL_CONVERSION = YES;
				CLANG_WARN_COMMA = YES;
				CLANG_WARN_CONSTANT_CONVERSION = YES;
				CLANG_WARN_DEPRECATED_OBJC_IMPLEMENTATIONS = YES;
				CLANG_WARN_DIRECT_OBJC_ISA_USAGE = YES_ERROR;
				CLANG_WARN_DOCUMENTATION_COMMENTS = YES;
				CLANG_WARN_EMPTY_BODY = YES;
				CLANG_WARN_ENUM_CONVERSION = YES;
				CLANG_WARN_INFINITE_RECURSION = YES;
				CLANG_WARN_INT_CONVERSION = YES;
				CLANG_WARN_NON_LITERAL_NULL_CONVERSION = YES;
				CLANG_WARN_OBJC_IMPLICIT_RETAIN_SELF = YES;
				CLANG_WARN_OBJC_LITERAL_CONVERSION = YES;
				CLANG_WARN_OBJC_ROOT_CLASS = YES_ERROR;
				CLANG_WARN_QUOTED_INCLUDE_IN_FRAMEWORK_HEADER = YES;
				CLANG_WARN_RANGE_LOOP_ANALYSIS = YES;
				CLANG_WARN_STRICT_PROTOTYPES = YES;
				CLANG_WARN_SUSPICIOUS_MOVE = YES;
				CLANG_WARN_UNGUARDED_AVAILABILITY = YES_AGGRESSIVE;
				CLANG_WARN_UNREACHABLE_CODE = YES;
				CLANG_WARN__DUPLICATE_METHOD_MATCH = YES;
				COPY_PHASE_STRIP = NO;
				DEBUG_INFORMATION_FORMAT = dwarf;
				ENABLE_STRICT_OBJC_MSGSEND = YES;
				ENABLE_TESTABILITY = YES;
				GCC_C_LANGUAGE_STANDARD = gnu11;
				GCC_DYNAMIC_NO_PIC = NO;
				GCC_NO_COMMON_BLOCKS = YES;
				GCC_OPTIMIZATION_LEVEL = 0;
				GCC_PREPROCESSOR_DEFINITIONS = (
					"DEBUG=1",
					"$(inherited)",
				);
				GCC_WARN_64_TO_32_BIT_CONVERSION = YES;
				GCC_WARN_ABOUT_RETURN_TYPE = YES_ERROR;
				GCC_WARN_UNDECLARED_SELECTOR = YES;
				GCC_WARN_UNINITIALIZED_AUTOS = YES_AGGRESSIVE;
				GCC_WARN_UNUSED_FUNCTION = YES;
				GCC_WARN_UNUSED_VARIABLE = YES;
				IPHONEOS_DEPLOYMENT_TARGET = 15.2;
				MTL_ENABLE_DEBUG_INFO = INCLUDE_SOURCE;
				MTL_FAST_MATH = YES;
				ONLY_ACTIVE_ARCH = YES;
				SDKROOT = iphoneos;
				SWIFT_ACTIVE_COMPILATION_CONDITIONS = DEBUG;
				SWIFT_OPTIMIZATION_LEVEL = "-Onone";
			};
			name = Debug;
		};
		32CFF49F27438B4100F16A36 /* Release */ = {
			isa = XCBuildConfiguration;
			buildSettings = {
				ALWAYS_SEARCH_USER_PATHS = NO;
				CLANG_ANALYZER_NONNULL = YES;
				CLANG_ANALYZER_NUMBER_OBJECT_CONVERSION = YES_AGGRESSIVE;
				CLANG_CXX_LANGUAGE_STANDARD = "gnu++17";
				CLANG_CXX_LIBRARY = "libc++";
				CLANG_ENABLE_MODULES = YES;
				CLANG_ENABLE_OBJC_ARC = YES;
				CLANG_ENABLE_OBJC_WEAK = YES;
				CLANG_WARN_BLOCK_CAPTURE_AUTORELEASING = YES;
				CLANG_WARN_BOOL_CONVERSION = YES;
				CLANG_WARN_COMMA = YES;
				CLANG_WARN_CONSTANT_CONVERSION = YES;
				CLANG_WARN_DEPRECATED_OBJC_IMPLEMENTATIONS = YES;
				CLANG_WARN_DIRECT_OBJC_ISA_USAGE = YES_ERROR;
				CLANG_WARN_DOCUMENTATION_COMMENTS = YES;
				CLANG_WARN_EMPTY_BODY = YES;
				CLANG_WARN_ENUM_CONVERSION = YES;
				CLANG_WARN_INFINITE_RECURSION = YES;
				CLANG_WARN_INT_CONVERSION = YES;
				CLANG_WARN_NON_LITERAL_NULL_CONVERSION = YES;
				CLANG_WARN_OBJC_IMPLICIT_RETAIN_SELF = YES;
				CLANG_WARN_OBJC_LITERAL_CONVERSION = YES;
				CLANG_WARN_OBJC_ROOT_CLASS = YES_ERROR;
				CLANG_WARN_QUOTED_INCLUDE_IN_FRAMEWORK_HEADER = YES;
				CLANG_WARN_RANGE_LOOP_ANALYSIS = YES;
				CLANG_WARN_STRICT_PROTOTYPES = YES;
				CLANG_WARN_SUSPICIOUS_MOVE = YES;
				CLANG_WARN_UNGUARDED_AVAILABILITY = YES_AGGRESSIVE;
				CLANG_WARN_UNREACHABLE_CODE = YES;
				CLANG_WARN__DUPLICATE_METHOD_MATCH = YES;
				COPY_PHASE_STRIP = NO;
				DEBUG_INFORMATION_FORMAT = "dwarf-with-dsym";
				ENABLE_NS_ASSERTIONS = NO;
				ENABLE_STRICT_OBJC_MSGSEND = YES;
				GCC_C_LANGUAGE_STANDARD = gnu11;
				GCC_NO_COMMON_BLOCKS = YES;
				GCC_WARN_64_TO_32_BIT_CONVERSION = YES;
				GCC_WARN_ABOUT_RETURN_TYPE = YES_ERROR;
				GCC_WARN_UNDECLARED_SELECTOR = YES;
				GCC_WARN_UNINITIALIZED_AUTOS = YES_AGGRESSIVE;
				GCC_WARN_UNUSED_FUNCTION = YES;
				GCC_WARN_UNUSED_VARIABLE = YES;
				IPHONEOS_DEPLOYMENT_TARGET = 15.2;
				MTL_ENABLE_DEBUG_INFO = NO;
				MTL_FAST_MATH = YES;
				SDKROOT = iphoneos;
				SWIFT_COMPILATION_MODE = wholemodule;
				SWIFT_OPTIMIZATION_LEVEL = "-O";
				VALIDATE_PRODUCT = YES;
			};
			name = Release;
		};
		32CFF4A127438B4100F16A36 /* Debug */ = {
			isa = XCBuildConfiguration;
			buildSettings = {
				ASSETCATALOG_COMPILER_APPICON_NAME = AppIcon;
				ASSETCATALOG_COMPILER_GLOBAL_ACCENT_COLOR_NAME = AccentColor;
				CODE_SIGN_ENTITLEMENTS = "Ultimate Portfolio/Ultimate Portfolio.entitlements";
				CODE_SIGN_STYLE = Automatic;
				CURRENT_PROJECT_VERSION = 1;
				DEVELOPMENT_ASSET_PATHS = "\"Ultimate Portfolio/Preview Content\"";
				DEVELOPMENT_TEAM = 2357A78TMR;
				ENABLE_PREVIEWS = YES;
				GENERATE_INFOPLIST_FILE = YES;
				INFOPLIST_FILE = "Ultimate-Portfolio-Info.plist";
				INFOPLIST_KEY_UIApplicationSceneManifest_Generation = YES;
				INFOPLIST_KEY_UIApplicationSupportsIndirectInputEvents = YES;
				INFOPLIST_KEY_UILaunchScreen_Generation = YES;
				INFOPLIST_KEY_UISupportedInterfaceOrientations_iPad = "UIInterfaceOrientationPortrait UIInterfaceOrientationPortraitUpsideDown UIInterfaceOrientationLandscapeLeft UIInterfaceOrientationLandscapeRight";
				INFOPLIST_KEY_UISupportedInterfaceOrientations_iPhone = "UIInterfaceOrientationPortrait UIInterfaceOrientationLandscapeLeft UIInterfaceOrientationLandscapeRight";
				LD_RUNPATH_SEARCH_PATHS = (
					"$(inherited)",
					"@executable_path/Frameworks",
				);
				MARKETING_VERSION = 1.0;
				PRODUCT_BUNDLE_IDENTIFIER = "com.nulltwenty.Ultimate-Portfolio";
				PRODUCT_NAME = "$(TARGET_NAME)";
				SWIFT_EMIT_LOC_STRINGS = YES;
				SWIFT_VERSION = 5.0;
				TARGETED_DEVICE_FAMILY = "1,2";
			};
			name = Debug;
		};
		32CFF4A227438B4100F16A36 /* Release */ = {
			isa = XCBuildConfiguration;
			buildSettings = {
				ASSETCATALOG_COMPILER_APPICON_NAME = AppIcon;
				ASSETCATALOG_COMPILER_GLOBAL_ACCENT_COLOR_NAME = AccentColor;
				CODE_SIGN_ENTITLEMENTS = "Ultimate Portfolio/Ultimate Portfolio.entitlements";
				CODE_SIGN_STYLE = Automatic;
				CURRENT_PROJECT_VERSION = 1;
				DEVELOPMENT_ASSET_PATHS = "\"Ultimate Portfolio/Preview Content\"";
				DEVELOPMENT_TEAM = 2357A78TMR;
				ENABLE_PREVIEWS = YES;
				GENERATE_INFOPLIST_FILE = YES;
				INFOPLIST_FILE = "Ultimate-Portfolio-Info.plist";
				INFOPLIST_KEY_UIApplicationSceneManifest_Generation = YES;
				INFOPLIST_KEY_UIApplicationSupportsIndirectInputEvents = YES;
				INFOPLIST_KEY_UILaunchScreen_Generation = YES;
				INFOPLIST_KEY_UISupportedInterfaceOrientations_iPad = "UIInterfaceOrientationPortrait UIInterfaceOrientationPortraitUpsideDown UIInterfaceOrientationLandscapeLeft UIInterfaceOrientationLandscapeRight";
				INFOPLIST_KEY_UISupportedInterfaceOrientations_iPhone = "UIInterfaceOrientationPortrait UIInterfaceOrientationLandscapeLeft UIInterfaceOrientationLandscapeRight";
				LD_RUNPATH_SEARCH_PATHS = (
					"$(inherited)",
					"@executable_path/Frameworks",
				);
				MARKETING_VERSION = 1.0;
				PRODUCT_BUNDLE_IDENTIFIER = "com.nulltwenty.Ultimate-Portfolio";
				PRODUCT_NAME = "$(TARGET_NAME)";
				SWIFT_EMIT_LOC_STRINGS = YES;
				SWIFT_VERSION = 5.0;
				TARGETED_DEVICE_FAMILY = "1,2";
			};
			name = Release;
		};
/* End XCBuildConfiguration section */

/* Begin XCConfigurationList section */
		32CFF47727438B3E00F16A36 /* Build configuration list for PBXProject "Ultimate Portfolio" */ = {
			isa = XCConfigurationList;
			buildConfigurations = (
				32CFF49E27438B4100F16A36 /* Debug */,
				32CFF49F27438B4100F16A36 /* Release */,
			);
			defaultConfigurationIsVisible = 0;
			defaultConfigurationName = Release;
		};
		32CFF4A027438B4100F16A36 /* Build configuration list for PBXNativeTarget "Ultimate Portfolio" */ = {
			isa = XCConfigurationList;
			buildConfigurations = (
				32CFF4A127438B4100F16A36 /* Debug */,
				32CFF4A227438B4100F16A36 /* Release */,
			);
			defaultConfigurationIsVisible = 0;
			defaultConfigurationName = Release;
		};
/* End XCConfigurationList section */

/* Begin XCVersionGroup section */
		32CFF4A927438BDA00F16A36 /* Model.xcdatamodeld */ = {
			isa = XCVersionGroup;
			children = (
				32CFF4AA27438BDA00F16A36 /* Model.xcdatamodel */,
			);
			currentVersion = 32CFF4AA27438BDA00F16A36 /* Model.xcdatamodel */;
			path = Model.xcdatamodeld;
			sourceTree = "<group>";
			versionGroupType = wrapper.xcdatamodel;
		};
/* End XCVersionGroup section */
	};
	rootObject = 32CFF47427438B3E00F16A36 /* Project object */;
}
